
Microsoft Visual Studio Solution File, Format Version 12.00
# Visual Studio Version 17
VisualStudioVersion = 17.5.33627.172
MinimumVisualStudioVersion = 10.0.40219.1
Project("{FAE04EC0-301F-11D3-BF4B-00C04F79EFBC}") = "calcut", "calcut\calcut.csproj", "{16AFA4CB-852C-4201-992F-1C7BD090171E}"
EndProject
Global
	GlobalSection(SolutionConfigurationPlatforms) = preSolution
		Debug|Any CPU = Debug|Any CPU
		Release|Any CPU = Release|Any CPU
	EndGlobalSection
	GlobalSection(ProjectConfigurationPlatforms) = postSolution
		{16AFA4CB-852C-4201-992F-1C7BD090171E}.Debug|Any CPU.ActiveCfg = Debug|Any CPU
		{16AFA4CB-852C-4201-992F-1C7BD090171E}.Debug|Any CPU.Build.0 = Debug|Any CPU
		{16AFA4CB-852C-4201-992F-1C7BD090171E}.Release|Any CPU.ActiveCfg = Release|Any CPU
		{16AFA4CB-852C-4201-992F-1C7BD090171E}.Release|Any CPU.Build.0 = Release|Any CPU
	EndGlobalSection
	GlobalSection(SolutionProperties) = preSolution
		HideSolutionNode = FALSE
	EndGlobalSection
	GlobalSection(ExtensibilityGlobals) = postSolution
		SolutionGuid = {7ED5320F-37A1-47F4-831D-6492759A9C90}
	EndGlobalSection
EndGlobal
